version = 1
revision = 3
requires-python = ">=3.10"
resolution-markers = [
    "sys_platform != 'linux'",
    "sys_platform == 'linux'",
]

[options]
resolution-mode = "lowest"

[[package]]
name = "backports-entry-points-selectable"
version = "1.0.4"
source = { registry = "https://pypi.org/simple" }
sdist = { url = "https://files.pythonhosted.org/packages/a8/9e/22fcc989618cbba3aabf7f3ff583f9ab53600e1d73ef2cf5b171c3178bfa/backports.entry_points_selectable-1.0.4.tar.gz", hash = "sha256:4acda84d96855beece3bf9aad9a1030aceb5f744b8ce9af7d5ee6dd672cdd3bd", size = 12603, upload-time = "2021-04-11T19:22:34.492Z" }
wheels = [
    { url = "https://files.pythonhosted.org/packages/b7/b4/39d8bce5ae2dd71b5a4e0a20459c3f9735fba0609056ee340a577f8545b0/backports.entry_points_selectable-1.0.4-py2.py3-none-any.whl", hash = "sha256:2a238e1d8b212b9cf50156b63cd748d54dc33df74e590d614507fc9ce57d0d4a", size = 5899, upload-time = "2021-04-11T19:22:33.42Z" },
]

[[package]]
name = "cachetools"
version = "2.0.0"
source = { registry = "https://pypi.org/simple" }
sdist = { url = "https://files.pythonhosted.org/packages/dc/64/16cbf95e0ac473503c5dcd61aefbbab9f12e1875f40a0aaff566a1236ac4/cachetools-2.0.0.tar.gz", hash = "sha256:715a7202240dc20dbe83abdb2d804d543e2d4f07af146f53c82166bd75f3a628", size = 18592, upload-time = "2016-10-03T12:13:48.004Z" }
wheels = [
    { url = "https://files.pythonhosted.org/packages/78/2e/2a99728bab1a8a00e997efc9d5adbb1dc822c44fbde071ca7fc2d8758286/cachetools-2.0.0-py2.py3-none-any.whl", hash = "sha256:cc4cb596b399c292a37ffdfdc713463da4feb81e18ca663e1ba2f89436cae0c1", size = 11636, upload-time = "2016-10-03T12:13:40.884Z" },
]

[[package]]
name = "certifi"
version = "2023.5.7"
source = { registry = "https://pypi.org/simple" }
sdist = { url = "https://files.pythonhosted.org/packages/93/71/752f7a4dd4c20d6b12341ed1732368546bc0ca9866139fe812f6009d9ac7/certifi-2023.5.7.tar.gz", hash = "sha256:0f0d56dc5a6ad56fd4ba36484d6cc34451e1c6548c61daad8c320169f91eddc7", size = 158051, upload-time = "2023-05-07T07:30:57.118Z" }
wheels = [
    { url = "https://files.pythonhosted.org/packages/9d/19/59961b522e6757f0c9097e4493fa906031b95b3ebe9360b2c3083561a6b4/certifi-2023.5.7-py3-none-any.whl", hash = "sha256:c6c2e98f5c7869efca1f8916fed228dd91539f9f1b444c314c06eef02980c716", size = 156962, upload-time = "2023-05-07T07:30:54.402Z" },
]

[[package]]
name = "cfgv"
version = "2.0.0"
source = { registry = "https://pypi.org/simple" }
dependencies = [
    { name = "six" },
]
sdist = { url = "https://files.pythonhosted.org/packages/ac/5a/a43aaca1023c47d51e1ff954624be5863f213c0da8141f3e5d0612b82508/cfgv-2.0.0.tar.gz", hash = "sha256:32edbe09de6f4521224b87822103a8c16a614d31a894735f7a5b3bcf0eb3c37e", size = 8703, upload-time = "2019-05-27T20:29:40.048Z" }
wheels = [
    { url = "https://files.pythonhosted.org/packages/2f/ec/3c0a56fbc00e6b649c1dc809dc3f12c5796fbfb7940d1167b9bddc67b818/cfgv-2.0.0-py2.py3-none-any.whl", hash = "sha256:3bd31385cd2bebddbba8012200aaf15aa208539f1b33973759b4d02fc2148da5", size = 7394, upload-time = "2019-05-27T20:29:38.608Z" },
]

[[package]]
name = "charset-normalizer"
version = "2.0.0"
source = { registry = "https://pypi.org/simple" }
sdist = { url = "https://files.pythonhosted.org/packages/09/14/f67539d35d38259cb8a03aa0587324dd75f36beb9ce586bcfb04d085dd7a/charset-normalizer-2.0.0.tar.gz", hash = "sha256:878bfe99324a9f3191e9a0f555e52ca2e0e1ad14b69802bc3f9a7afc71ffcfa4", size = 344963, upload-time = "2021-07-02T19:18:43.915Z" }
wheels = [
    { url = "https://files.pythonhosted.org/packages/1c/04/d23d56e93655f3152a8b6d9377c0558a5d9666b04c7694e4b67c02768dfd/charset_normalizer-2.0.0-py3-none-any.whl", hash = "sha256:76fd234253352853909a367630ea0040001df0b4f6e9cb655a7bf861e81a6d32", size = 35466, upload-time = "2021-07-02T19:18:42.327Z" },
]

[[package]]
name = "colorama"
version = "0.4.0"
source = { registry = "https://pypi.org/simple" }
sdist = { url = "https://files.pythonhosted.org/packages/55/d5/c35bd3e63757ac767105f8695b055581d8b8dd8c22fef020ebefa2a3725d/colorama-0.4.0.zip", hash = "sha256:c9b54bebe91a6a803e0772c8561d53f2926bfeb17cd141fbabcb08424086595c", size = 37521, upload-time = "2018-10-10T14:47:13.19Z" }
wheels = [
    { url = "https://files.pythonhosted.org/packages/0a/93/6e8289231675d561d476d656c2ee3a868c1cca207e16c118d4503b25e2bf/colorama-0.4.0-py2.py3-none-any.whl", hash = "sha256:a3d89af5db9e9806a779a50296b5fdb466e281147c2c235e8225ecc6dbf7bbf3", size = 21204, upload-time = "2018-10-10T14:47:29.452Z" },
]

[[package]]
name = "distlib"
version = "0.3.1"
source = { registry = "https://pypi.org/simple" }
sdist = { url = "https://files.pythonhosted.org/packages/2f/83/1eba07997b8ba58d92b3e51445d5bf36f9fba9cb8166bcae99b9c3464841/distlib-0.3.1.zip", hash = "sha256:edf6116872c863e1aa9d5bb7cb5e05a022c519a4594dc703843343a9ddd9bff1", size = 578925, upload-time = "2020-06-27T21:00:39.93Z" }
wheels = [
    { url = "https://files.pythonhosted.org/packages/f5/0a/490fa011d699bb5a5f3a0cf57de82237f52a6db9d40f33c53b2736c9a1f9/distlib-0.3.1-py2.py3-none-any.whl", hash = "sha256:8c09de2c67b3e7deef7184574fc060ab8a793e7adbb183d942c389c8b13c52fb", size = 335946, upload-time = "2020-06-27T21:00:33.616Z" },
]

[[package]]
name = "exceptiongroup"
version = "1.0.0"
source = { registry = "https://pypi.org/simple" }
sdist = { url = "https://files.pythonhosted.org/packages/4f/7e/eca80dbb5c10ec12ffb50884f52ecbff653cb5f443b0529244a748f114da/exceptiongroup-1.0.0.tar.gz", hash = "sha256:affbabf13fb6e98988c38d9c5650e701569fe3c1de3233cfb61c5f33774690ad", size = 12775, upload-time = "2022-10-27T07:49:38.421Z" }
wheels = [
    { url = "https://files.pythonhosted.org/packages/de/4c/2854d9e3dcce78108126aa3634186a64ddbfd06d4d69af74954665529e52/exceptiongroup-1.0.0-py3-none-any.whl", hash = "sha256:2ac84b496be68464a2da60da518af3785fff8b7ec0d090a581604bc870bdee41", size = 12316, upload-time = "2022-10-27T07:49:36.869Z" },
]

[[package]]
name = "execnet"
version = "2.1.0"
source = { registry = "https://pypi.org/simple" }
sdist = { url = "https://files.pythonhosted.org/packages/66/c6/14bd4bd2db833ebc90ebdaf4af21ea6e672e92725e03bc91683e2e08af8d/execnet-2.1.0.tar.gz", hash = "sha256:dc4a63f86afb40f8429f59f938d6cb97846f9e7cf7dd9eb4b8c26016965b7ac0", size = 166475, upload-time = "2024-04-05T18:37:30.887Z" }
wheels = [
    { url = "https://files.pythonhosted.org/packages/67/14/6582043548cf796408c13454212c26acf781ead50561b6da246bdbc2bb14/execnet-2.1.0-py3-none-any.whl", hash = "sha256:ad174d7705410adc9359ba4822bad211d71cdbd59ff70304e1aa41d196b4b4d3", size = 40613, upload-time = "2024-04-05T18:37:28.94Z" },
]

[[package]]
name = "filelock"
version = "3.2.0"
source = { registry = "https://pypi.org/simple" }
sdist = { url = "https://files.pythonhosted.org/packages/18/3d/82769bc929807a11e455265a402c9012a31dacd72a1b85795f337bb0c3fe/filelock-3.2.0.tar.gz", hash = "sha256:85ecb30757aa19d06bfcdad29cc332b9a3e4851bf59976aea1e8dadcbd9ef883", size = 590772, upload-time = "2021-09-30T00:47:57.978Z" }
wheels = [
    { url = "https://files.pythonhosted.org/packages/95/e0/0ae236b4d1ab9c879b275d8719dc8aa271e1b22cf062ea8cc52f12c8ca0a/filelock-3.2.0-py2.py3-none-any.whl", hash = "sha256:61a99e9b12b47b685d1389f4cf969c1eba0efd2348a8471f86e01e8c622267af", size = 10311, upload-time = "2021-09-30T00:47:56.131Z" },
]

[[package]]
name = "google-auth"
version = "2.40.3"
source = { registry = "https://pypi.org/simple" }
dependencies = [
    { name = "cachetools" },
    { name = "pyasn1-modules" },
    { name = "rsa" },
]
sdist = { url = "https://files.pythonhosted.org/packages/9e/9b/e92ef23b84fa10a64ce4831390b7a4c2e53c0132568d99d4ae61d04c8855/google_auth-2.40.3.tar.gz", hash = "sha256:500c3a29adedeb36ea9cf24b8d10858e152f2412e3ca37829b3fa18e33d63b77", size = 281029, upload-time = "2025-06-04T18:04:57.577Z" }
wheels = [
    { url = "https://files.pythonhosted.org/packages/17/63/b19553b658a1692443c62bd07e5868adaa0ad746a0751ba62c59568cd45b/google_auth-2.40.3-py2.py3-none-any.whl", hash = "sha256:1370d4593e86213563547f97a92752fc658456fe4514c809544f330fed45a7ca", size = 216137, upload-time = "2025-06-04T18:04:55.573Z" },
]

[[package]]
name = "identify"
version = "1.0.0"
source = { registry = "https://pypi.org/simple" }
sdist = { url = "https://files.pythonhosted.org/packages/8b/2e/a372e46ff740550c8a0e07241bdf1cc60b957d58fd27a83d78aec19d9803/identify-1.0.0.tar.gz", hash = "sha256:4fe3572e378ae32ac5f958b99ad29a920ec4eee79edffaa348a755d4ac3d0270", size = 3912, upload-time = "2017-07-02T20:15:01.42Z" }
wheels = [
    { url = "https://files.pythonhosted.org/packages/d8/b6/4c30c505039f5ffa69cc3a565de4fa44b5c0e50e0c00cfa26101cb7cfcce/identify-1.0.0-py2.py3-none-any.whl", hash = "sha256:0d793387835609d548f9f8462e67f77e3022ea2b9458bb9b13f20979a41b25de", size = 6111, upload-time = "2017-07-02T20:14:59.256Z" },
]

[[package]]
name = "idna"
version = "2.5"
source = { registry = "https://pypi.org/simple" }
sdist = { url = "https://files.pythonhosted.org/packages/d8/82/28a51052215014efc07feac7330ed758702fc0581347098a81699b5281cb/idna-2.5.tar.gz", hash = "sha256:3cb5ce08046c4e3a560fc02f138d0ac63e00f8ce5901a56b32ec8b7994082aab", size = 130211, upload-time = "2017-03-07T03:27:25.04Z" }
wheels = [
    { url = "https://files.pythonhosted.org/packages/11/7d/9bbbd7bb35f34b0169542487d2a8859e44306bb2e6a4455d491800a5621f/idna-2.5-py2.py3-none-any.whl", hash = "sha256:cc19709fd6d0cbfed39ea875d29ba6d4e22c0cebc510a76d6302a28385e8bb70", size = 55106, upload-time = "2017-03-07T03:27:27.825Z" },
]

[[package]]
name = "iniconfig"
version = "1.0.0"
source = { registry = "https://pypi.org/simple" }
sdist = { url = "https://files.pythonhosted.org/packages/9d/6f/7187ac1996add14e220e565cad9867eb0b90b5fda523357f5ba52ee16d31/iniconfig-1.0.0.tar.gz", hash = "sha256:aa0b40f50a00e72323cb5d41302f9c6165728fd764ac8822aa3fff00a40d56b4", size = 7807, upload-time = "2016-09-23T17:05:09.306Z" }

[[package]]
name = "maturin"
version = "1.13.1"
source = { registry = "https://pypi.org/simple" }
dependencies = [
    { name = "tomli", marker = "python_full_version < '3.11'" },
]
sdist = { url = "https://files.pythonhosted.org/packages/39/16/b284a7bc4af3dd87717c784278c1b8cb18606ad1f6f7a671c47bfd9c3df0/maturin-1.13.1.tar.gz", hash = "sha256:9a87ff3b8e4d1c6eac33ebfe8e261e8236516d98d45c0323550621819b5a1a2f", size = 340369, upload-time = "2026-04-09T15:14:07.026Z" }
wheels = [
    { url = "https://files.pythonhosted.org/packages/43/4d/a23fc95be881aa8c7a6ea353410417872e4d7065df03d7f3db8f0dbed4a7/maturin-1.13.1-py3-none-linux_armv6l.whl", hash = "sha256:416e4e01cb88b798e606ee43929df897e42c1647b722ef68283816cca99a8742", size = 10102444, upload-time = "2026-04-09T15:13:48.393Z" },
    { url = "https://files.pythonhosted.org/packages/a6/1e/65c385d65bae95cf04895d52f39dbed8b1453ae55da2903d252ade40a774/maturin-1.13.1-py3-none-macosx_10_12_x86_64.macosx_11_0_arm64.macosx_10_12_universal2.whl", hash = "sha256:72888e87819ce546d0d2df900e4b385e4ef299077d92ee37b48923a5602dae94", size = 19576043, upload-time = "2026-04-09T15:14:08.685Z" },
    { url = "https://files.pythonhosted.org/packages/8f/13/f6bc868d0bfecd9314870b97f530a167e31f7878ac4945c78245c6eef69c/maturin-1.13.1-py3-none-macosx_10_12_x86_64.whl", hash = "sha256:98b5fcf1a186c217830a8295ecc2989c6b1cf50945417adfc15252107b9475b7", size = 10117339, upload-time = "2026-04-09T15:13:40.559Z" },
    { url = "https://files.pythonhosted.org/packages/51/58/279e081305c11c1c1c4fccacf77df8959646c5d4de7a57ec7e787653e270/maturin-1.13.1-py3-none-manylinux_2_12_i686.manylinux2010_i686.musllinux_1_1_i686.whl", hash = "sha256:3da18cccf2f683c0977bff9146a0908d6ffce836d600665736ac01679f588cb9", size = 10139689, upload-time = "2026-04-09T15:13:38.291Z" },
    { url = "https://files.pythonhosted.org/packages/00/94/69391af5396c6aab723932240803f49e5f3de3dd7c57d32f02d237a0ce32/maturin-1.13.1-py3-none-manylinux_2_12_x86_64.manylinux2010_x86_64.musllinux_1_1_x86_64.whl", hash = "sha256:6b1e5916a253243e8f5f9e847b62bbc98420eec48c9ce2e2e8724c6da89d359b", size = 10551141, upload-time = "2026-04-09T15:13:42.887Z" },
    { url = "https://files.pythonhosted.org/packages/9e/bf/4edac2667b49e3733438062ae416413b8fc8d42e1bd499ba15e1fb02fc55/maturin-1.13.1-py3-none-manylinux_2_17_aarch64.manylinux2014_aarch64.musllinux_1_1_aarch64.whl", hash = "sha256:dc91031e0619c1e28730279ef9ee5f106c9b9ec806b013f888676b242f892eb7", size = 9983094, upload-time = "2026-04-09T15:13:56.868Z" },
    { url = "https://files.pythonhosted.org/packages/79/94/a6d651cfe8fc6bf2e892c90e3cdbb25c06d81c9115140d03ea1a68a97575/maturin-1.13.1-py3-none-manylinux_2_17_armv7l.manylinux2014_armv7l.musllinux_1_1_armv7l.whl", hash = "sha256:001741c6cff56aa8ea59a0d78ae990c0550d0e3e82b00b683eedb4158a8ef7e6", size = 9949980, upload-time = "2026-04-09T15:13:59.185Z" },
    { url = "https://files.pythonhosted.org/packages/b5/d1/82c067464f848e38af9910bce55eb54302b1c1284a279d515dbfcf5994f5/maturin-1.13.1-py3-none-manylinux_2_17_ppc64le.manylinux2014_ppc64le.musllinux_1_1_ppc64le.whl", hash = "sha256:01c845825c917c07c1d0b2c9032c59c16a7d383d1e649a46481d3e5693c2750f", size = 13186276, upload-time = "2026-04-09T15:13:45.725Z" },
    { url = "https://files.pythonhosted.org/packages/7c/f4/25367baf1025580f047f9b37598bb3fadc416e24536afd4f28e190335c73/maturin-1.13.1-py3-none-manylinux_2_17_s390x.manylinux2014_s390x.whl", hash = "sha256:f69093ed4a0e6464e52a7fc26d714f859ce15630ec8070743398c6bf41f38a9e", size = 10891837, upload-time = "2026-04-09T15:13:35.68Z" },
    { url = "https://files.pythonhosted.org/packages/af/be/caafad8ce74974b7deafdf144d12f758993dfea4c66c9905b138f51a7792/maturin-1.13.1-py3-none-manylinux_2_31_riscv64.musllinux_1_1_riscv64.whl", hash = "sha256:c1490584f3c70af45466ee99065b49e6657ebdccac6b10571bb44681309c9396", size = 10351032, upload-time = "2026-04-09T15:14:01.632Z" },
    { url = "https://files.pythonhosted.org/packages/66/0e/970a721d27cfa410e8bfa0a1e32e6ef52cb8169692110a5fdabe1af3f570/maturin-1.13.1-py3-none-win32.whl", hash = "sha256:c6a720b252c99de072922dbe4432ab19662b6f80045b0355fec23bdfccb450da", size = 8855465, upload-time = "2026-04-09T15:13:51.122Z" },
    { url = "https://files.pythonhosted.org/packages/88/70/7c1e0d65fa147d5479055a171541c82b8cdfc1c825d85a82240470f14176/maturin-1.13.1-py3-none-win_amd64.whl", hash = "sha256:a2017d2281203d0c6570240e7d746564d766d756105823b7de68bda6ae722711", size = 10230471, upload-time = "2026-04-09T15:13:53.89Z" },
    { url = "https://files.pythonhosted.org/packages/c5/2a/afe0193b673a79ffd2e01ad999511b7e9e6b49af02bb3759d82a78c3043d/maturin-1.13.1-py3-none-win_arm64.whl", hash = "sha256:2839024dcd65776abb4759e5bca29941971e095574162a4d335191da4be9ff24", size = 8905575, upload-time = "2026-04-09T15:14:03.891Z" },
]

[package.optional-dependencies]
patchelf = [
    { name = "patchelf", marker = "sys_platform == 'linux'" },
]

[[package]]
name = "nodeenv"
version = "1.9.1"
source = { registry = "https://pypi.org/simple" }
sdist = { url = "https://files.pythonhosted.org/packages/43/16/fc88b08840de0e0a72a2f9d8c6bae36be573e475a6326ae854bcc549fc45/nodeenv-1.9.1.tar.gz", hash = "sha256:6ec12890a2dab7946721edbfbcd91f3319c6ccc9aec47be7c7e6b7011ee6645f", size = 47437, upload-time = "2024-06-04T18:44:11.171Z" }
wheels = [
    { url = "https://files.pythonhosted.org/packages/d2/1d/1b658dbd2b9fa9c4c9f32accbfc0205d532c8c6194dc0f2a4c0428e7128a/nodeenv-1.9.1-py2.py3-none-any.whl", hash = "sha256:ba11c9782d29c27c70ffbdda2d7415098754709be8a7056d79a737cd901155c9", size = 22314, upload-time = "2024-06-04T18:44:08.352Z" },
]

[[package]]
name = "packaging"
version = "20.0"
source = { registry = "https://pypi.org/simple" }
dependencies = [
    { name = "pyparsing" },
    { name = "six" },
]
sdist = { url = "https://files.pythonhosted.org/packages/c7/cf/d84b72480a556d9bd4a191a91b0a8ea71cb48e6f6132f12d9d365c51bdb6/packaging-20.0.tar.gz", hash = "sha256:fe1d8331dfa7cc0a883b49d75fc76380b2ab2734b220fbb87d774e4fd4b851f8", size = 72663, upload-time = "2020-01-06T06:25:08.059Z" }
wheels = [
    { url = "https://files.pythonhosted.org/packages/d8/5b/3098db49a61ccc8583ffead6aedc226f08ff56dc03106b6ec54451e27a30/packaging-20.0-py2.py3-none-any.whl", hash = "sha256:aec3fdbb8bc9e4bb65f0634b9f551ced63983a529d6a8931817d52fdd0816ddb", size = 36915, upload-time = "2020-01-06T06:25:04.042Z" },
]

[[package]]
name = "patchelf"
version = "0.11.0.0"
source = { registry = "https://pypi.org/simple" }
sdist = { url = "https://files.pythonhosted.org/packages/9c/fd/74e4262cf7827c2634f3337c5f18f552d76af7ee83f5a2436921289e073c/patchelf-0.11.0.0.tar.gz", hash = "sha256:6e9642831fd9aa24e4ca56397c942186fb3213f604505138ec3db1cf620cce38", size = 119187, upload-time = "2021-12-12T09:39:41.174Z" }
wheels = [
    { url = "https://files.pythonhosted.org/packages/00/84/006548b91712ea19f6fff1b584e8bdcd25a4aafb98d4a866c9c2cc4393d9/patchelf-0.11.0.0-py2.py3-none-manylinux_2_17_aarch64.manylinux2014_aarch64.musllinux_1_1_aarch64.whl", hash = "sha256:cc005f6cf75485a7efaac52ed408cd7b72786d00a986d5abe7cba1eac94a5d6f", size = 315258, upload-time = "2021-12-12T10:10:27.651Z" },
    { url = "https://files.pythonhosted.org/packages/46/96/a8d4a5ea8ffc6a0eb386d623cac93c63e863f289740de37f4a0ba40075c4/patchelf-0.11.0.0-py2.py3-none-manylinux_2_17_ppc64le.manylinux2014_ppc64le.musllinux_1_1_ppc64le.whl", hash = "sha256:f0378bf05a7fd1a9c344166cc75995379208e85895e7ccef057a95d5d332e996", size = 342980, upload-time = "2021-12-12T10:10:28.871Z" },
    { url = "https://files.pythonhosted.org/packages/59/61/1d3c2648f491890bc658da0618c0222b7a684ee2ae4141684d2b735d2744/patchelf-0.11.0.0-py2.py3-none-manylinux_2_17_s390x.manylinux2014_s390x.musllinux_1_1_s390x.whl", hash = "sha256:8621dc43986ec445b5d0fb5cc464f26ed39b25a151220a47abc18da53be65304", size = 339566, upload-time = "2021-12-12T10:10:30.082Z" },
    { url = "https://files.pythonhosted.org/packages/76/30/ebd3a561f2de81a1daad49c0a05d95e9291920e6a8a703375f1c665bb529/patchelf-0.11.0.0-py2.py3-none-manylinux_2_5_i686.manylinux1_i686.musllinux_1_1_i686.whl", hash = "sha256:1f0ea2011767972fe0cd3f19f7fa5c3abd7b6cafec845880b9e42aadba592434", size = 366267, upload-time = "2021-12-12T10:10:31.333Z" },
    { url = "https://files.pythonhosted.org/packages/70/5e/5113d9ce365466eb2bc00ca67ec1a7ce1293bffde1b82caa5efe6736eba5/patchelf-0.11.0.0-py2.py3-none-manylinux_2_5_x86_64.manylinux1_x86_64.musllinux_1_1_x86_64.whl", hash = "sha256:d60432dbaddc3b23cee676d9ffa8a7b0a9e29887bff9491d16bda21ba7391f6f", size = 311127, upload-time = "2021-12-12T10:10:32.552Z" },
]

[[package]]
name = "platformdirs"
version = "2.0.0"
source = { registry = "https://pypi.org/simple" }
sdist = { url = "https://files.pythonhosted.org/packages/78/2e/08c596d570bf3f53881d43306c9d88bd60b78532ca232ff59645f586b102/platformdirs-2.0.0.tar.gz", hash = "sha256:9fc2bc9a5f04bfd5b12c1edb64394f6108c17b2a5be0a461f9a8b08c8a7d8991", size = 11170, upload-time = "2021-07-12T07:43:40.627Z" }
wheels = [
    { url = "https://files.pythonhosted.org/packages/88/c4/71ec865898efd2473c7d17d91b95d90e7de5cef9353d42b82c7c5a477d83/platformdirs-2.0.0-py2.py3-none-any.whl", hash = "sha256:c4d969c6d051f37548994641338c74f3125b771e8fbbe4a45d60d4a976e34533", size = 10154, upload-time = "2021-07-12T07:43:38.643Z" },
]

[[package]]
name = "pluggy"
version = "1.5.0"
source = { registry = "https://pypi.org/simple" }
sdist = { url = "https://files.pythonhosted.org/packages/96/2d/02d4312c973c6050a18b314a5ad0b3210edb65a906f868e31c111dede4a6/pluggy-1.5.0.tar.gz", hash = "sha256:2cffa88e94fdc978c4c574f15f9e59b7f4201d439195c3715ca9e2486f1d0cf1", size = 67955, upload-time = "2024-04-20T21:34:42.531Z" }
wheels = [
    { url = "https://files.pythonhosted.org/packages/88/5f/e351af9a41f866ac3f1fac4ca0613908d9a41741cfcf2228f4ad853b697d/pluggy-1.5.0-py3-none-any.whl", hash = "sha256:44e1ad92c8ca002de6377e165f3e0f1be63266ab4d554740532335b9d75ea669", size = 20556, upload-time = "2024-04-20T21:34:40.434Z" },
]

[[package]]
name = "polars"
version = "1.0.0"
source = { registry = "https://pypi.org/simple" }
sdist = { url = "https://files.pythonhosted.org/packages/a4/35/b7f06f5cbb2ba80d4e8d1f775a9b6a4820fe40c6b4c9fe4bfe05ef85e279/polars-1.0.0.tar.gz", hash = "sha256:144a63d6d61dc5d675304673c4261ceccf4cfc75277431389d4afe9a5be0f70b", size = 3773054, upload-time = "2024-07-01T10:39:13.069Z" }
wheels = [
    { url = "https://files.pythonhosted.org/packages/ac/31/9a1304d66feeee226e9a71f134a19071517e2b1b56f1690466543f23109f/polars-1.0.0-cp38-abi3-macosx_10_12_x86_64.whl", hash = "sha256:cf454ee75a2346cd7f44fb536cc69af7a26d8a243ea58bda50f6c810742c76ad", size = 29690411, upload-time = "2024-07-01T10:38:04.318Z" },
    { url = "https://files.pythonhosted.org/packages/c7/cf/92a12cda3c7b3952a210e04b89bce933633061dcaba933489deee5227b6b/polars-1.0.0-cp38-abi3-macosx_11_0_arm64.whl", hash = "sha256:8191d8b5cf68d5ebaf9efb497120ff6d7e607a57a116bcce43618d50a536fe1c", size = 26357273, upload-time = "2024-07-01T10:38:12.342Z" },
    { url = "https://files.pythonhosted.org/packages/75/a2/d0b30ea916f1008de668c16f037c7585b82798e649b7cceaa7f8fd140efa/polars-1.0.0-cp38-abi3-manylinux_2_17_x86_64.manylinux2014_x86_64.whl", hash = "sha256:f5b58575fd7ddc12bc53adfde933da3b40c2841fdc5396fecbd85e80dfc9332e", size = 31039656, upload-time = "2024-07-01T10:38:16.662Z" },
    { url = "https://files.pythonhosted.org/packages/a1/9a/451c3769b37bb92b755bf1cddc7615b655204fb827f91c7c22c743d25054/polars-1.0.0-cp38-abi3-manylinux_2_24_aarch64.whl", hash = "sha256:44475877179f261f4ce1a6cfa0fc955392798b9987c17fc2b1a4b294602ace8a", size = 28739724, upload-time = "2024-07-01T10:38:21.025Z" },
    { url = "https://files.pythonhosted.org/packages/76/79/1e0746c0d6866f7594f64e94004266db02c33962b99e80fbfef0ae3c1d15/polars-1.0.0-cp38-abi3-win_amd64.whl", hash = "sha256:bd483045c0629afced9e9ebc83b58550640022db5924d553a068a57621260a22", size = 30914346, upload-time = "2024-07-01T10:38:25.698Z" },
]

[[package]]
name = "polars-bigquery"
version = "0.0.1"
source = { editable = "." }
dependencies = [
    { name = "google-auth" },
    { name = "polars" },
    { name = "requests" },
]

[package.dev-dependencies]
dev = [
    { name = "maturin" },
    { name = "maturin", extra = ["patchelf"], marker = "sys_platform == 'linux'" },
    { name = "nodeenv" },
    { name = "pre-commit" },
    { name = "pyparsing" },
    { name = "pytest" },
    { name = "pytest-benchmark" },
    { name = "pytest-xdist" },
    { name = "ruff" },
]
test = [
    { name = "maturin" },
    { name = "maturin", extra = ["patchelf"], marker = "sys_platform == 'linux'" },
    { name = "pytest" },
    { name = "pytest-benchmark" },
    { name = "pytest-xdist" },
]

[package.metadata]
requires-dist = [
    { name = "google-auth", specifier = ">=2.40.3" },
    { name = "polars", specifier = ">=1.0.0,<2.0.0" },
    { name = "requests", specifier = ">=2.33.0,<3.0.0" },
]

[package.metadata.requires-dev]
dev = [
    { name = "maturin", marker = "sys_platform != 'linux'", specifier = ">=1.13.1" },
    { name = "maturin", extras = ["patchelf"], marker = "sys_platform == 'linux'", specifier = ">=1.13.1" },
    { name = "nodeenv", specifier = ">=1.9.1" },
    { name = "pre-commit", specifier = ">=4.3.0" },
    { name = "pyparsing", specifier = ">=2.4.7" },
    { name = "pytest", specifier = ">=8.4.1" },
    { name = "pytest-benchmark", specifier = ">=5.1.0" },
    { name = "pytest-xdist", specifier = ">=3.8.0" },
    { name = "ruff", specifier = ">=0.15.10" },
]
test = [
    { name = "maturin", marker = "sys_platform != 'linux'", specifier = ">=1.13.1" },
    { name = "maturin", extras = ["patchelf"], marker = "sys_platform == 'linux'", specifier = ">=1.13.1" },
    { name = "pytest", specifier = ">=8.4.1" },
    { name = "pytest-benchmark", specifier = ">=5.1.0" },
    { name = "pytest-xdist", specifier = ">=3.8.0" },
]

[[package]]
name = "pre-commit"
version = "4.3.0"
source = { registry = "https://pypi.org/simple" }
dependencies = [
    { name = "cfgv" },
    { name = "identify" },
    { name = "nodeenv" },
    { name = "pyyaml" },
    { name = "virtualenv" },
]
sdist = { url = "https://files.pythonhosted.org/packages/ff/29/7cf5bbc236333876e4b41f56e06857a87937ce4bf91e117a6991a2dbb02a/pre_commit-4.3.0.tar.gz", hash = "sha256:499fe450cc9d42e9d58e606262795ecb64dd05438943c62b66f6a8673da30b16", size = 193792, upload-time = "2025-08-09T18:56:14.651Z" }
wheels = [
    { url = "https://files.pythonhosted.org/packages/5b/a5/987a405322d78a73b66e39e4a90e4ef156fd7141bf71df987e50717c321b/pre_commit-4.3.0-py2.py3-none-any.whl", hash = "sha256:2b0747ad7e6e967169136edffee14c16e148a778a54e4f967921aa1ebf2308d8", size = 220965, upload-time = "2025-08-09T18:56:13.192Z" },
]

[[package]]
name = "py-cpuinfo"
version = "0.1.0"
source = { registry = "https://pypi.org/simple" }
sdist = { url = "https://files.pythonhosted.org/packages/1f/49/2f537c38f34bddf650aa091879fb48a0274423bd2656b58efd14c745a09a/py-cpuinfo-0.1.0.tar.gz", hash = "sha256:f8a17d173b8753326234730d116ad8126c4909cb47c024d4b090dfa8e05a3f8c", size = 13477, upload-time = "2014-09-21T00:29:31.942Z" }

[[package]]
name = "pyasn1"
version = "0.4.1"
source = { registry = "https://pypi.org/simple" }
sdist = { url = "https://files.pythonhosted.org/packages/87/db/bb7a188b694a0d97959f6934d00ce1f299bfc01277826f04469a8c64845c/pyasn1-0.4.1.tar.gz", hash = "sha256:b9f0902dc5ed64dab175711cbfb3c207b3b7b79a354f63c4ecde3b7df8a30c1a", size = 118296, upload-time = "2017-11-23T10:54:45.553Z" }
wheels = [
    { url = "https://files.pythonhosted.org/packages/ab/ce/fadac5d6cace1b5c5c14c2f1e2aa3956a40cb9d5a1acbb049b4d3235a68c/pyasn1-0.4.1-py2.py3-none-any.whl", hash = "sha256:49cabfbf30df3ccd1a3c4b162b2b4a041d5bf809543c460e525eb31c25510092", size = 71577, upload-time = "2017-11-23T10:54:10.586Z" },
]

[[package]]
name = "pyasn1-modules"
version = "0.2.1"
source = { registry = "https://pypi.org/simple" }
dependencies = [
    { name = "pyasn1" },
]
sdist = { url = "https://files.pythonhosted.org/packages/ab/76/36ab0e099e6bd27ed95b70c2c86c326d3affa59b9b535c63a2f892ac9f45/pyasn1-modules-0.2.1.tar.gz", hash = "sha256:af00ea8f2022b6287dc375b2c70f31ab5af83989fc6fe9eacd4976ce26cd7ccc", size = 65808, upload-time = "2017-11-23T11:01:56.907Z" }
wheels = [
    { url = "https://files.pythonhosted.org/packages/e9/51/bcd96bf6231d4b2cc5e023c511bee86637ba375c44a6f9d1b4b7ad1ce4b9/pyasn1_modules-0.2.1-py2.py3-none-any.whl", hash = "sha256:47fb6757ab78fe966e7c58b2030b546854f78416d653163f0ce9290cf2278e8b", size = 60859, upload-time = "2017-11-23T11:01:25.437Z" },
]

[[package]]
name = "pygments"
version = "2.7.2"
source = { registry = "https://pypi.org/simple" }
sdist = { url = "https://files.pythonhosted.org/packages/5d/0e/ff13c055b014d634ed17e9e9345a312c28ec6a06448ba6d6ccfa77c3b5e8/Pygments-2.7.2.tar.gz", hash = "sha256:381985fcc551eb9d37c52088a32914e00517e57f4a21609f48141ba08e193fa0", size = 2350457, upload-time = "2020-10-24T14:24:02.811Z" }
wheels = [
    { url = "https://files.pythonhosted.org/packages/d8/cf/d7e48846e10ac4f8b89d489cec3dc9c2804a825f812c851559cfbcc251cc/Pygments-2.7.2-py3-none-any.whl", hash = "sha256:88a0bbcd659fcb9573703957c6b9cff9fab7295e6e76db54c9d00ae42df32773", size = 948802, upload-time = "2020-10-24T14:24:00.173Z" },
]

[[package]]
name = "pyparsing"
version = "2.4.7"
source = { registry = "https://pypi.org/simple" }
sdist = { url = "https://files.pythonhosted.org/packages/c1/47/dfc9c342c9842bbe0036c7f763d2d6686bcf5eb1808ba3e170afdb282210/pyparsing-2.4.7.tar.gz", hash = "sha256:c203ec8783bf771a155b207279b9bccb8dea02d8f0c9e5f8ead507bc3246ecc1", size = 649718, upload-time = "2020-04-05T22:21:25.349Z" }
wheels = [
    { url = "https://files.pythonhosted.org/packages/8a/bb/488841f56197b13700afd5658fc279a2025a39e22449b7cf29864669b15d/pyparsing-2.4.7-py2.py3-none-any.whl", hash = "sha256:ef9d7589ef3c200abe66653d3f1ab1033c3c419ae9b9bdb1240a85b024efc88b", size = 67842, upload-time = "2020-04-05T22:21:22.897Z" },
]

[[package]]
name = "pytest"
version = "8.4.1"
source = { registry = "https://pypi.org/simple" }
dependencies = [
    { name = "colorama", marker = "sys_platform == 'win32'" },
    { name = "exceptiongroup", marker = "python_full_version < '3.11'" },
    { name = "iniconfig" },
    { name = "packaging" },
    { name = "pluggy" },
    { name = "pygments" },
    { name = "tomli", marker = "python_full_version < '3.11'" },
]
sdist = { url = "https://files.pythonhosted.org/packages/08/ba/45911d754e8eba3d5a841a5ce61a65a685ff1798421ac054f85aa8747dfb/pytest-8.4.1.tar.gz", hash = "sha256:7c67fd69174877359ed9371ec3af8a3d2b04741818c51e5e99cc1742251fa93c", size = 1517714, upload-time = "2025-06-18T05:48:06.109Z" }
wheels = [
    { url = "https://files.pythonhosted.org/packages/29/16/c8a903f4c4dffe7a12843191437d7cd8e32751d5de349d45d3fe69544e87/pytest-8.4.1-py3-none-any.whl", hash = "sha256:539c70ba6fcead8e78eebbf1115e8b589e7565830d7d006a8723f19ac8a0afb7", size = 365474, upload-time = "2025-06-18T05:48:03.955Z" },
]

[[package]]
name = "pytest-benchmark"
version = "5.1.0"
source = { registry = "https://pypi.org/simple" }
dependencies = [
    { name = "py-cpuinfo" },
    { name = "pytest" },
]
sdist = { url = "https://files.pythonhosted.org/packages/39/d0/a8bd08d641b393db3be3819b03e2d9bb8760ca8479080a26a5f6e540e99c/pytest-benchmark-5.1.0.tar.gz", hash = "sha256:9ea661cdc292e8231f7cd4c10b0319e56a2118e2c09d9f50e1b3d150d2aca105", size = 337810, upload-time = "2024-10-30T11:51:48.521Z" }
wheels = [
    { url = "https://files.pythonhosted.org/packages/9e/d6/b41653199ea09d5969d4e385df9bbfd9a100f28ca7e824ce7c0a016e3053/pytest_benchmark-5.1.0-py3-none-any.whl", hash = "sha256:922de2dfa3033c227c96da942d1878191afa135a29485fb942e85dff1c592c89", size = 44259, upload-time = "2024-10-30T11:51:45.94Z" },
]

[[package]]
name = "pytest-xdist"
version = "3.8.0"
source = { registry = "https://pypi.org/simple" }
dependencies = [
    { name = "execnet" },
    { name = "pytest" },
]
sdist = { url = "https://files.pythonhosted.org/packages/78/b4/439b179d1ff526791eb921115fca8e44e596a13efeda518b9d845a619450/pytest_xdist-3.8.0.tar.gz", hash = "sha256:7e578125ec9bc6050861aa93f2d59f1d8d085595d6551c2c90b6f4fad8d3a9f1", size = 88069, upload-time = "2025-07-01T13:30:59.346Z" }
wheels = [
    { url = "https://files.pythonhosted.org/packages/ca/31/d4e37e9e550c2b92a9cbc2e4d0b7420a27224968580b5a447f420847c975/pytest_xdist-3.8.0-py3-none-any.whl", hash = "sha256:202ca578cfeb7370784a8c33d6d05bc6e13b4f25b5053c30a152269fd10f0b88", size = 46396, upload-time = "2025-07-01T13:30:56.632Z" },
]

[[package]]
name = "pyyaml"
version = "5.1"
source = { registry = "https://pypi.org/simple" }
sdist = { url = "https://files.pythonhosted.org/packages/9f/2c/9417b5c774792634834e730932745bc09a7d36754ca00acf1ccd1ac2594d/PyYAML-5.1.tar.gz", hash = "sha256:436bc774ecf7c103814098159fbb84c2715d25980175292c648f2da143909f95", size = 274244, upload-time = "2019-03-13T16:35:50.361Z" }

[[package]]
name = "requests"
version = "2.33.0"
source = { registry = "https://pypi.org/simple" }
dependencies = [
    { name = "certifi" },
    { name = "charset-normalizer" },
    { name = "idna" },
    { name = "urllib3" },
]
sdist = { url = "https://files.pythonhosted.org/packages/34/64/8860370b167a9721e8956ae116825caff829224fbca0ca6e7bf8ddef8430/requests-2.33.0.tar.gz", hash = "sha256:c7ebc5e8b0f21837386ad0e1c8fe8b829fa5f544d8df3b2253bff14ef29d7652", size = 134232, upload-time = "2026-03-25T15:10:41.586Z" }
wheels = [
    { url = "https://files.pythonhosted.org/packages/56/5d/c814546c2333ceea4ba42262d8c4d55763003e767fa169adc693bd524478/requests-2.33.0-py3-none-any.whl", hash = "sha256:3324635456fa185245e24865e810cecec7b4caf933d7eb133dcde67d48cee69b", size = 65017, upload-time = "2026-03-25T15:10:40.382Z" },
]

[[package]]
name = "rsa"
version = "3.1.4"
source = { registry = "https://pypi.org/simple" }
dependencies = [
    { name = "pyasn1" },
]
sdist = { url = "https://files.pythonhosted.org/packages/db/65/01448b2f3e222a846cbe7a62ea61950c5659b1f9489171eb68242415f92c/rsa-3.1.4.tar.gz", hash = "sha256:e2b0b05936c276b1edd2e1525553233b666df9e29b5c3ba223eed738277c82a0", size = 36181, upload-time = "2014-02-22T10:26:36.207Z" }

[[package]]
name = "ruff"
version = "0.15.10"
source = { registry = "https://pypi.org/simple" }
sdist = { url = "https://files.pythonhosted.org/packages/e7/d9/aa3f7d59a10ef6b14fe3431706f854dbf03c5976be614a9796d36326810c/ruff-0.15.10.tar.gz", hash = "sha256:d1f86e67ebfdef88e00faefa1552b5e510e1d35f3be7d423dc7e84e63788c94e", size = 4631728, upload-time = "2026-04-09T14:06:09.884Z" }
wheels = [
    { url = "https://files.pythonhosted.org/packages/eb/00/a1c2fdc9939b2c03691edbda290afcd297f1f389196172826b03d6b6a595/ruff-0.15.10-py3-none-linux_armv6l.whl", hash = "sha256:0744e31482f8f7d0d10a11fcbf897af272fefdfcb10f5af907b18c2813ff4d5f", size = 10563362, upload-time = "2026-04-09T14:06:21.189Z" },
    { url = "https://files.pythonhosted.org/packages/5c/15/006990029aea0bebe9d33c73c3e28c80c391ebdba408d1b08496f00d422d/ruff-0.15.10-py3-none-macosx_10_12_x86_64.whl", hash = "sha256:b1e7c16ea0ff5a53b7c2df52d947e685973049be1cdfe2b59a9c43601897b22e", size = 10951122, upload-time = "2026-04-09T14:06:02.236Z" },
    { url = "https://files.pythonhosted.org/packages/f2/c0/4ac978fe874d0618c7da647862afe697b281c2806f13ce904ad652fa87e4/ruff-0.15.10-py3-none-macosx_11_0_arm64.whl", hash = "sha256:93cc06a19e5155b4441dd72808fdf84290d84ad8a39ca3b0f994363ade4cebb1", size = 10314005, upload-time = "2026-04-09T14:06:00.026Z" },
    { url = "https://files.pythonhosted.org/packages/da/73/c209138a5c98c0d321266372fc4e33ad43d506d7e5dd817dd89b60a8548f/ruff-0.15.10-py3-none-manylinux_2_17_aarch64.manylinux2014_aarch64.whl", hash = "sha256:83e1dd04312997c99ea6965df66a14fb4f03ba978564574ffc68b0d61fd3989e", size = 10643450, upload-time = "2026-04-09T14:05:42.137Z" },
    { url = "https://files.pythonhosted.org/packages/ec/76/0deec355d8ec10709653635b1f90856735302cb8e149acfdf6f82a5feb70/ruff-0.15.10-py3-none-manylinux_2_17_armv7l.manylinux2014_armv7l.whl", hash = "sha256:8154d43684e4333360fedd11aaa40b1b08a4e37d8ffa9d95fee6fa5b37b6fab1", size = 10379597, upload-time = "2026-04-09T14:05:49.984Z" },
    { url = "https://files.pythonhosted.org/packages/dc/be/86bba8fc8798c081e28a4b3bb6d143ccad3fd5f6f024f02002b8f08a9fa3/ruff-0.15.10-py3-none-manylinux_2_17_i686.manylinux2014_i686.whl", hash = "sha256:8ab88715f3a6deb6bde6c227f3a123410bec7b855c3ae331b4c006189e895cef", size = 11146645, upload-time = "2026-04-09T14:06:12.246Z" },
    { url = "https://files.pythonhosted.org/packages/a8/89/140025e65911b281c57be1d385ba1d932c2366ca88ae6663685aed8d4881/ruff-0.15.10-py3-none-manylinux_2_17_ppc64le.manylinux2014_ppc64le.whl", hash = "sha256:a768ff5969b4f44c349d48edf4ab4f91eddb27fd9d77799598e130fb628aa158", size = 12030289, upload-time = "2026-04-09T14:06:04.776Z" },
    { url = "https://files.pythonhosted.org/packages/88/de/ddacca9545a5e01332567db01d44bd8cf725f2db3b3d61a80550b48308ea/ruff-0.15.10-py3-none-manylinux_2_17_s390x.manylinux2014_s390x.whl", hash = "sha256:0ee3ef42dab7078bda5ff6a1bcba8539e9857deb447132ad5566a038674540d0", size = 11496266, upload-time = "2026-04-09T14:05:55.485Z" },
    { url = "https://files.pythonhosted.org/packages/bc/bb/7ddb00a83760ff4a83c4e2fc231fd63937cc7317c10c82f583302e0f6586/ruff-0.15.10-py3-none-manylinux_2_17_x86_64.manylinux2014_x86_64.whl", hash = "sha256:51cb8cc943e891ba99989dd92d61e29b1d231e14811db9be6440ecf25d5c1609", size = 11256418, upload-time = "2026-04-09T14:05:57.69Z" },
    { url = "https://files.pythonhosted.org/packages/dc/8d/55de0d35aacf6cd50b6ee91ee0f291672080021896543776f4170fc5c454/ruff-0.15.10-py3-none-manylinux_2_31_riscv64.whl", hash = "sha256:e59c9bdc056a320fb9ea1700a8d591718b8faf78af065484e801258d3a76bc3f", size = 11288416, upload-time = "2026-04-09T14:05:44.695Z" },
    { url = "https://files.pythonhosted.org/packages/68/cf/9438b1a27426ec46a80e0a718093c7f958ef72f43eb3111862949ead3cc1/ruff-0.15.10-py3-none-musllinux_1_2_aarch64.whl", hash = "sha256:136c00ca2f47b0018b073f28cb5c1506642a830ea941a60354b0e8bc8076b151", size = 10621053, upload-time = "2026-04-09T14:05:52.782Z" },
    { url = "https://files.pythonhosted.org/packages/4c/50/e29be6e2c135e9cd4cb15fbade49d6a2717e009dff3766dd080fcb82e251/ruff-0.15.10-py3-none-musllinux_1_2_armv7l.whl", hash = "sha256:8b80a2f3c9c8a950d6237f2ca12b206bccff626139be9fa005f14feb881a1ae8", size = 10378302, upload-time = "2026-04-09T14:06:14.361Z" },
    { url = "https://files.pythonhosted.org/packages/18/2f/e0b36a6f99c51bb89f3a30239bc7bf97e87a37ae80aa2d6542d6e5150364/ruff-0.15.10-py3-none-musllinux_1_2_i686.whl", hash = "sha256:e3e53c588164dc025b671c9df2462429d60357ea91af7e92e9d56c565a9f1b07", size = 10850074, upload-time = "2026-04-09T14:06:16.581Z" },
    { url = "https://files.pythonhosted.org/packages/11/08/874da392558ce087a0f9b709dc6ec0d60cbc694c1c772dab8d5f31efe8cb/ruff-0.15.10-py3-none-musllinux_1_2_x86_64.whl", hash = "sha256:b0c52744cf9f143a393e284125d2576140b68264a93c6716464e129a3e9adb48", size = 11358051, upload-time = "2026-04-09T14:06:18.948Z" },
    { url = "https://files.pythonhosted.org/packages/e4/46/602938f030adfa043e67112b73821024dc79f3ab4df5474c25fa4c1d2d14/ruff-0.15.10-py3-none-win32.whl", hash = "sha256:d4272e87e801e9a27a2e8df7b21011c909d9ddd82f4f3281d269b6ba19789ca5", size = 10588964, upload-time = "2026-04-09T14:06:07.14Z" },
    { url = "https://files.pythonhosted.org/packages/25/b6/261225b875d7a13b33a6d02508c39c28450b2041bb01d0f7f1a83d569512/ruff-0.15.10-py3-none-win_amd64.whl", hash = "sha256:28cb32d53203242d403d819fd6983152489b12e4a3ae44993543d6fe62ab42ed", size = 11745044, upload-time = "2026-04-09T14:05:39.473Z" },
    { url = "https://files.pythonhosted.org/packages/58/ed/dea90a65b7d9e69888890fb14c90d7f51bf0c1e82ad800aeb0160e4bacfd/ruff-0.15.10-py3-none-win_arm64.whl", hash = "sha256:601d1610a9e1f1c2165a4f561eeaa2e2ea1e97f3287c5aa258d3dab8b57c6188", size = 11035607, upload-time = "2026-04-09T14:05:47.593Z" },
]

[[package]]
name = "six"
version = "1.9.0"
source = { registry = "https://pypi.org/simple" }
sdist = { url = "https://files.pythonhosted.org/packages/16/64/1dc5e5976b17466fd7d712e59cbe9fb1e18bec153109e5ba3ed6c9102f1a/six-1.9.0.tar.gz", hash = "sha256:e24052411fc4fbd1f672635537c3fc2330d9481b18c0317695b46259512c91d5", size = 29127, upload-time = "2015-01-02T16:38:06.621Z" }
wheels = [
    { url = "https://files.pythonhosted.org/packages/10/e3/a7f8eea80a9fa8358c1cd89ef489bc03675e69e54ed2982cd6f2a28d8295/six-1.9.0-py2.py3-none-any.whl", hash = "sha256:418a93c397a7edab23e5588dbc067ac74a723edb3d541bd4936f79476e7645da", size = 10222, upload-time = "2015-01-02T16:38:13.948Z" },
]

[[package]]
name = "tomli"
version = "1.1.0"
source = { registry = "https://pypi.org/simple" }
sdist = { url = "https://files.pythonhosted.org/packages/6c/16/f48ab3289015f8f90e2c68fb76531728b3d8e4ce5052ee80ad10e7707eda/tomli-1.1.0.tar.gz", hash = "sha256:33d7984738f8bb699c9b0a816eb646a8178a69eaa792d258486776a5d21b8ca5", size = 12134, upload-time = "2021-07-23T09:47:07.803Z" }
wheels = [
    { url = "https://files.pythonhosted.org/packages/2e/ac/75c79a6880ba6b306df9f61fedf802dd7db0c54d42e4a879f1428625c138/tomli-1.1.0-py3-none-any.whl", hash = "sha256:f4a182048010e89cbec0ae4686b21f550a7f2903f665e34a6de58ec15424f919", size = 11712, upload-time = "2021-07-23T09:47:06.566Z" },
]

[[package]]
name = "urllib3"
version = "1.26.0"
source = { registry = "https://pypi.org/simple" }
sdist = { url = "https://files.pythonhosted.org/packages/f6/0c/2add359fbc96307f081172e2033799eab7471026a5dcdd372803aefa19fa/urllib3-1.26.0.tar.gz", hash = "sha256:4849f132941d68144df0a3785ccc4fe423430ba5db0108d045c8cadbc90f517a", size = 291709, upload-time = "2020-11-10T20:09:01.671Z" }
wheels = [
    { url = "https://files.pythonhosted.org/packages/7e/a7/746338eb8addda2e7662ee5e10a9f85150aba013cd610c9569c17146b914/urllib3-1.26.0-py2.py3-none-any.whl", hash = "sha256:bad31cb622ceee0ab46c4c884cf61957def0ff2e644de0a7a093678844c9ccac", size = 136659, upload-time = "2020-11-10T20:08:59.43Z" },
]

[[package]]
name = "virtualenv"
version = "20.10.0"
source = { registry = "https://pypi.org/simple" }
dependencies = [
    { name = "backports-entry-points-selectable" },
    { name = "distlib" },
    { name = "filelock" },
    { name = "platformdirs" },
    { name = "six" },
]
sdist = { url = "https://files.pythonhosted.org/packages/c7/3e/b11275c99dd779e4fc87931f7c82ce93767080249bfa4d7aea7ea748800e/virtualenv-20.10.0.tar.gz", hash = "sha256:576d05b46eace16a9c348085f7d0dc8ef28713a2cabaa1cf0aea41e8f12c9218", size = 9007218, upload-time = "2021-11-01T08:01:32.221Z" }
wheels = [
    { url = "https://files.pythonhosted.org/packages/ac/8a/05e8d8a3ac88a3c4ebec1fe2b1b4730e6e6ebdddb52cfd6cea6803de4624/virtualenv-20.10.0-py2.py3-none-any.whl", hash = "sha256:4b02e52a624336eece99c96e3ab7111f469c24ba226a53ec474e8e787b365814", size = 5599983, upload-time = "2021-11-01T08:01:30.104Z" },
]
